
Microsoft Visual Studio Solution File, Format Version 12.00
# Visual Studio Version 16
VisualStudioVersion = 16.0.31729.503
MinimumVisualStudioVersion = 10.0.40219.1
Project("{FAE04EC0-301F-11D3-BF4B-00C04F79EFBC}") = "App1", "App1\App1.csproj", "{D2ACB8E6-66A5-4EF1-89BD-7D4B7D42169E}"
EndProject
Global
	GlobalSection(SolutionConfigurationPlatforms) = preSolution
		Debug|Any CPU = Debug|Any CPU
		Release|Any CPU = Release|Any CPU
	EndGlobalSection
	GlobalSection(ProjectConfigurationPlatforms) = postSolution
		{D2ACB8E6-66A5-4EF1-89BD-7D4B7D42169E}.Debug|Any CPU.ActiveCfg = Debug|Any CPU
		{D2ACB8E6-66A5-4EF1-89BD-7D4B7D42169E}.Debug|Any CPU.Build.0 = Debug|Any CPU
		{D2ACB8E6-66A5-4EF1-89BD-7D4B7D42169E}.Release|Any CPU.ActiveCfg = Release|Any CPU
		{D2ACB8E6-66A5-4EF1-89BD-7D4B7D42169E}.Release|Any CPU.Build.0 = Release|Any CPU
	EndGlobalSection
	GlobalSection(SolutionProperties) = preSolution
		HideSolutionNode = FALSE
	EndGlobalSection
	GlobalSection(ExtensibilityGlobals) = postSolution
		SolutionGuid = {DAC3434F-0311-42FB-81E1-1E4C589CCA8B}
	EndGlobalSection
EndGlobal
